
Microsoft Visual Studio Solution File, Format Version 12.00
# Visual Studio 15
Project("{FAE04EC0-301F-11D3-BF4B-00C04F79EFBC}") = "startXamarin.Android", "startXamarin.Android\startXamarin.Android.csproj", "{1D722BC0-7BD0-4E0F-8F3F-83F6F88B5950}"
EndProject
Project("{FAE04EC0-301F-11D3-BF4B-00C04F79EFBC}") = "startXamarin.iOS", "startXamarin.iOS\startXamarin.iOS.csproj", "{E3935161-7A26-4125-9CB3-EEC338ACC3C2}"
EndProject
Project("{FAE04EC0-301F-11D3-BF4B-00C04F79EFBC}") = "startXamarin", "startXamarin\startXamarin.csproj", "{4BDCC39D-B857-4F73-A56E-F1831CDA1DBF}"
EndProject
Global
	GlobalSection(SolutionConfigurationPlatforms) = preSolution
		Debug|Any CPU = Debug|Any CPU
		Release|Any CPU = Release|Any CPU
		Debug|iPhoneSimulator = Debug|iPhoneSimulator
		Release|iPhoneSimulator = Release|iPhoneSimulator
		Debug|iPhone = Debug|iPhone
		Release|iPhone = Release|iPhone
	EndGlobalSection
	GlobalSection(ProjectConfigurationPlatforms) = postSolution
		{1D722BC0-7BD0-4E0F-8F3F-83F6F88B5950}.Debug|Any CPU.ActiveCfg = Debug|Any CPU
		{1D722BC0-7BD0-4E0F-8F3F-83F6F88B5950}.Debug|Any CPU.Build.0 = Debug|Any CPU
		{1D722BC0-7BD0-4E0F-8F3F-83F6F88B5950}.Release|Any CPU.ActiveCfg = Release|Any CPU
		{1D722BC0-7BD0-4E0F-8F3F-83F6F88B5950}.Release|Any CPU.Build.0 = Release|Any CPU
		{1D722BC0-7BD0-4E0F-8F3F-83F6F88B5950}.Debug|iPhoneSimulator.ActiveCfg = Debug|Any CPU
		{1D722BC0-7BD0-4E0F-8F3F-83F6F88B5950}.Debug|iPhoneSimulator.Build.0 = Debug|Any CPU
		{1D722BC0-7BD0-4E0F-8F3F-83F6F88B5950}.Release|iPhoneSimulator.ActiveCfg = Release|Any CPU
		{1D722BC0-7BD0-4E0F-8F3F-83F6F88B5950}.Release|iPhoneSimulator.Build.0 = Release|Any CPU
		{1D722BC0-7BD0-4E0F-8F3F-83F6F88B5950}.Debug|iPhone.ActiveCfg = Debug|Any CPU
		{1D722BC0-7BD0-4E0F-8F3F-83F6F88B5950}.Debug|iPhone.Build.0 = Debug|Any CPU
		{1D722BC0-7BD0-4E0F-8F3F-83F6F88B5950}.Release|iPhone.ActiveCfg = Release|Any CPU
		{1D722BC0-7BD0-4E0F-8F3F-83F6F88B5950}.Release|iPhone.Build.0 = Release|Any CPU
		{E3935161-7A26-4125-9CB3-EEC338ACC3C2}.Debug|Any CPU.ActiveCfg = Debug|iPhoneSimulator
		{E3935161-7A26-4125-9CB3-EEC338ACC3C2}.Debug|Any CPU.Build.0 = Debug|iPhoneSimulator
		{E3935161-7A26-4125-9CB3-EEC338ACC3C2}.Release|Any CPU.ActiveCfg = Release|iPhoneSimulator
		{E3935161-7A26-4125-9CB3-EEC338ACC3C2}.Release|Any CPU.Build.0 = Release|iPhoneSimulator
		{E3935161-7A26-4125-9CB3-EEC338ACC3C2}.Debug|iPhoneSimulator.ActiveCfg = Debug|iPhoneSimulator
		{E3935161-7A26-4125-9CB3-EEC338ACC3C2}.Debug|iPhoneSimulator.Build.0 = Debug|iPhoneSimulator
		{E3935161-7A26-4125-9CB3-EEC338ACC3C2}.Release|iPhoneSimulator.ActiveCfg = Release|iPhoneSimulator
		{E3935161-7A26-4125-9CB3-EEC338ACC3C2}.Release|iPhoneSimulator.Build.0 = Release|iPhoneSimulator
		{E3935161-7A26-4125-9CB3-EEC338ACC3C2}.Debug|iPhone.ActiveCfg = Debug|iPhone
		{E3935161-7A26-4125-9CB3-EEC338ACC3C2}.Debug|iPhone.Build.0 = Debug|iPhone
		{E3935161-7A26-4125-9CB3-EEC338ACC3C2}.Release|iPhone.ActiveCfg = Release|iPhone
		{E3935161-7A26-4125-9CB3-EEC338ACC3C2}.Release|iPhone.Build.0 = Release|iPhone
		{4BDCC39D-B857-4F73-A56E-F1831CDA1DBF}.Debug|Any CPU.ActiveCfg = Debug|Any CPU
		{4BDCC39D-B857-4F73-A56E-F1831CDA1DBF}.Debug|Any CPU.Build.0 = Debug|Any CPU
		{4BDCC39D-B857-4F73-A56E-F1831CDA1DBF}.Release|Any CPU.ActiveCfg = Release|Any CPU
		{4BDCC39D-B857-4F73-A56E-F1831CDA1DBF}.Release|Any CPU.Build.0 = Release|Any CPU
		{4BDCC39D-B857-4F73-A56E-F1831CDA1DBF}.Debug|iPhoneSimulator.ActiveCfg = Debug|Any CPU
		{4BDCC39D-B857-4F73-A56E-F1831CDA1DBF}.Debug|iPhoneSimulator.Build.0 = Debug|Any CPU
		{4BDCC39D-B857-4F73-A56E-F1831CDA1DBF}.Release|iPhoneSimulator.ActiveCfg = Release|Any CPU
		{4BDCC39D-B857-4F73-A56E-F1831CDA1DBF}.Release|iPhoneSimulator.Build.0 = Release|Any CPU
		{4BDCC39D-B857-4F73-A56E-F1831CDA1DBF}.Debug|iPhone.ActiveCfg = Debug|Any CPU
		{4BDCC39D-B857-4F73-A56E-F1831CDA1DBF}.Debug|iPhone.Build.0 = Debug|Any CPU
		{4BDCC39D-B857-4F73-A56E-F1831CDA1DBF}.Release|iPhone.ActiveCfg = Release|Any CPU
		{4BDCC39D-B857-4F73-A56E-F1831CDA1DBF}.Release|iPhone.Build.0 = Release|Any CPU
	EndGlobalSection
EndGlobal
